
Microsoft Visual Studio Solution File, Format Version 12.00
# Visual Studio Version 16
VisualStudioVersion = 16.0.29609.76
MinimumVisualStudioVersion = 10.0.40219.1
Project("{FAE04EC0-301F-11D3-BF4B-00C04F79EFBC}") = "BlueFragment", "BlueFragment\BlueFragment.csproj", "{96D7D136-60A2-4208-8554-4B402D8DE9F1}"
EndProject
Global
	GlobalSection(SolutionConfigurationPlatforms) = preSolution
		Debug|Any CPU = Debug|Any CPU
		Release|Any CPU = Release|Any CPU
	EndGlobalSection
	GlobalSection(ProjectConfigurationPlatforms) = postSolution
		{96D7D136-60A2-4208-8554-4B402D8DE9F1}.Debug|Any CPU.ActiveCfg = Debug|Any CPU
		{96D7D136-60A2-4208-8554-4B402D8DE9F1}.Debug|Any CPU.Build.0 = Debug|Any CPU
		{96D7D136-60A2-4208-8554-4B402D8DE9F1}.Release|Any CPU.ActiveCfg = Release|Any CPU
		{96D7D136-60A2-4208-8554-4B402D8DE9F1}.Release|Any CPU.Build.0 = Release|Any CPU
	EndGlobalSection
	GlobalSection(SolutionProperties) = preSolution
		HideSolutionNode = FALSE
	EndGlobalSection
	GlobalSection(ExtensibilityGlobals) = postSolution
		SolutionGuid = {812C9A7A-7494-4524-8633-D74A0516AB4C}
	EndGlobalSection
EndGlobal
